// !$*UTF8*$!
{
	archiveVersion = 1;
	classes = {
	};
	objectVersion = 46;
	objects = {

/* Begin PBXBuildFile section */
		612135F01BD4417F00DCE206 /* main.m in Sources */ = {isa = PBXBuildFile; fileRef = 612135EF1BD4417F00DCE206 /* main.m */; };
		612135F31BD4417F00DCE206 /* NWAppDelegate.m in Sources */ = {isa = PBXBuildFile; fileRef = 612135F21BD4417F00DCE206 /* NWAppDelegate.m */; };
		612135F61BD4417F00DCE206 /* NWViewController.m in Sources */ = {isa = PBXBuildFile; fileRef = 612135F51BD4417F00DCE206 /* NWViewController.m */; };
		612135F91BD4417F00DCE206 /* Main.storyboard in Resources */ = {isa = PBXBuildFile; fileRef = 612135F71BD4417F00DCE206 /* Main.storyboard */; };
		612135FB1BD4417F00DCE206 /* Assets.xcassets in Resources */ = {isa = PBXBuildFile; fileRef = 612135FA1BD4417F00DCE206 /* Assets.xcassets */; };
		612135FE1BD4417F00DCE206 /* LaunchScreen.storyboard in Resources */ = {isa = PBXBuildFile; fileRef = 612135FC1BD4417F00DCE206 /* LaunchScreen.storyboard */; };
		612136091BD4417F00DCE206 /* NeverWriteAgainTests.m in Sources */ = {isa = PBXBuildFile; fileRef = 612136081BD4417F00DCE206 /* NeverWriteAgainTests.m */; };
		612136141BD4417F00DCE206 /* NeverWriteAgainUITests.m in Sources */ = {isa = PBXBuildFile; fileRef = 612136131BD4417F00DCE206 /* NeverWriteAgainUITests.m */; };
		612136241BD446FD00DCE206 /* NWKeyboardMoveTextViewController.h.m in Sources */ = {isa = PBXBuildFile; fileRef = 612136231BD446FD00DCE206 /* NWKeyboardMoveTextViewController.h.m */; settings = {ASSET_TAGS = (); }; };
		612136281BD448BC00DCE206 /* NWLesson.m in Sources */ = {isa = PBXBuildFile; fileRef = 612136271BD448BC00DCE206 /* NWLesson.m */; settings = {ASSET_TAGS = (); }; };
		619105971BD4A0A000A3A095 /* NWMenuTableViewCell.m in Sources */ = {isa = PBXBuildFile; fileRef = 619105951BD4A0A000A3A095 /* NWMenuTableViewCell.m */; settings = {ASSET_TAGS = (); }; };
		619105981BD4A0A000A3A095 /* NWMenuTableViewCell.xib in Resources */ = {isa = PBXBuildFile; fileRef = 619105961BD4A0A000A3A095 /* NWMenuTableViewCell.xib */; settings = {ASSET_TAGS = (); }; };
/* End PBXBuildFile section */

/* Begin PBXContainerItemProxy section */
		612136051BD4417F00DCE206 /* PBXContainerItemProxy */ = {
			isa = PBXContainerItemProxy;
			containerPortal = 612135E31BD4417F00DCE206 /* Project object */;
			proxyType = 1;
			remoteGlobalIDString = 612135EA1BD4417F00DCE206;
			remoteInfo = NeverWriteAgain;
		};
		612136101BD4417F00DCE206 /* PBXContainerItemProxy */ = {
			isa = PBXContainerItemProxy;
			containerPortal = 612135E31BD4417F00DCE206 /* Project object */;
			proxyType = 1;
			remoteGlobalIDString = 612135EA1BD4417F00DCE206;
			remoteInfo = NeverWriteAgain;
		};
/* End PBXContainerItemProxy section */

/* Begin PBXFileReference section */
		612135EB1BD4417F00DCE206 /* NeverWriteAgain.app */ = {isa = PBXFileReference; explicitFileType = wrapper.application; includeInIndex = 0; path = NeverWriteAgain.app; sourceTree = BUILT_PRODUCTS_DIR; };
		612135EF1BD4417F00DCE206 /* main.m */ = {isa = PBXFileReference; lastKnownFileType = sourcecode.c.objc; path = main.m; sourceTree = "<group>"; };
		612135F11BD4417F00DCE206 /* NWAppDelegate.h */ = {isa = PBXFileReference; lastKnownFileType = sourcecode.c.h; path = NWAppDelegate.h; sourceTree = "<group>"; };
		612135F21BD4417F00DCE206 /* NWAppDelegate.m */ = {isa = PBXFileReference; lastKnownFileType = sourcecode.c.objc; path = NWAppDelegate.m; sourceTree = "<group>"; };
		612135F41BD4417F00DCE206 /* NWViewController.h */ = {isa = PBXFileReference; lastKnownFileType = sourcecode.c.h; path = NWViewController.h; sourceTree = "<group>"; };
		612135F51BD4417F00DCE206 /* NWViewController.m */ = {isa = PBXFileReference; lastKnownFileType = sourcecode.c.objc; path = NWViewController.m; sourceTree = "<group>"; };
		612135F81BD4417F00DCE206 /* Base */ = {isa = PBXFileReference; lastKnownFileType = file.storyboard; name = Base; path = Base.lproj/Main.storyboard; sourceTree = "<group>"; };
		612135FA1BD4417F00DCE206 /* Assets.xcassets */ = {isa = PBXFileReference; lastKnownFileType = folder.assetcatalog; path = Assets.xcassets; sourceTree = "<group>"; };
		612135FD1BD4417F00DCE206 /* Base */ = {isa = PBXFileReference; lastKnownFileType = file.storyboard; name = Base; path = Base.lproj/LaunchScreen.storyboard; sourceTree = "<group>"; };
		612135FF1BD4417F00DCE206 /* Info.plist */ = {isa = PBXFileReference; lastKnownFileType = text.plist.xml; path = Info.plist; sourceTree = "<group>"; };
		612136041BD4417F00DCE206 /* NeverWriteAgainTests.xctest */ = {isa = PBXFileReference; explicitFileType = wrapper.cfbundle; includeInIndex = 0; path = NeverWriteAgainTests.xctest; sourceTree = BUILT_PRODUCTS_DIR; };
		612136081BD4417F00DCE206 /* NeverWriteAgainTests.m */ = {isa = PBXFileReference; lastKnownFileType = sourcecode.c.objc; path = NeverWriteAgainTests.m; sourceTree = "<group>"; };
		6121360A1BD4417F00DCE206 /* Info.plist */ = {isa = PBXFileReference; lastKnownFileType = text.plist.xml; path = Info.plist; sourceTree = "<group>"; };
		6121360F1BD4417F00DCE206 /* NeverWriteAgainUITests.xctest */ = {isa = PBXFileReference; explicitFileType = wrapper.cfbundle; includeInIndex = 0; path = NeverWriteAgainUITests.xctest; sourceTree = BUILT_PRODUCTS_DIR; };
		612136131BD4417F00DCE206 /* NeverWriteAgainUITests.m */ = {isa = PBXFileReference; lastKnownFileType = sourcecode.c.objc; path = NeverWriteAgainUITests.m; sourceTree = "<group>"; };
		612136151BD4417F00DCE206 /* Info.plist */ = {isa = PBXFileReference; lastKnownFileType = text.plist.xml; path = Info.plist; sourceTree = "<group>"; };
		612136221BD446FD00DCE206 /* NWKeyboardMoveTextViewController.h */ = {isa = PBXFileReference; fileEncoding = 4; lastKnownFileType = sourcecode.c.h; path = NWKeyboardMoveTextViewController.h; sourceTree = "<group>"; };
		612136231BD446FD00DCE206 /* NWKeyboardMoveTextViewController.h.m */ = {isa = PBXFileReference; fileEncoding = 4; lastKnownFileType = sourcecode.c.objc; path = NWKeyboardMoveTextViewController.h.m; sourceTree = "<group>"; };
		612136261BD448BC00DCE206 /* NWLesson.h */ = {isa = PBXFileReference; fileEncoding = 4; lastKnownFileType = sourcecode.c.h; path = NWLesson.h; sourceTree = "<group>"; };
		612136271BD448BC00DCE206 /* NWLesson.m */ = {isa = PBXFileReference; fileEncoding = 4; lastKnownFileType = sourcecode.c.objc; path = NWLesson.m; sourceTree = "<group>"; };
		619105941BD4A0A000A3A095 /* NWMenuTableViewCell.h */ = {isa = PBXFileReference; fileEncoding = 4; lastKnownFileType = sourcecode.c.h; path = NWMenuTableViewCell.h; sourceTree = "<group>"; };
		619105951BD4A0A000A3A095 /* NWMenuTableViewCell.m */ = {isa = PBXFileReference; fileEncoding = 4; lastKnownFileType = sourcecode.c.objc; path = NWMenuTableViewCell.m; sourceTree = "<group>"; };
		619105961BD4A0A000A3A095 /* NWMenuTableViewCell.xib */ = {isa = PBXFileReference; fileEncoding = 4; lastKnownFileType = file.xib; path = NWMenuTableViewCell.xib; sourceTree = "<group>"; };
/* End PBXFileReference section */

/* Begin PBXFrameworksBuildPhase section */
		612135E81BD4417F00DCE206 /* Frameworks */ = {
			isa = PBXFrameworksBuildPhase;
			buildActionMask = 2147483647;
			files = (
			);
			runOnlyForDeploymentPostprocessing = 0;
		};
		612136011BD4417F00DCE206 /* Frameworks */ = {
			isa = PBXFrameworksBuildPhase;
			buildActionMask = 2147483647;
			files = (
			);
			runOnlyForDeploymentPostprocessing = 0;
		};
		6121360C1BD4417F00DCE206 /* Frameworks */ = {
			isa = PBXFrameworksBuildPhase;
			buildActionMask = 2147483647;
			files = (
			);
			runOnlyForDeploymentPostprocessing = 0;
		};
/* End PBXFrameworksBuildPhase section */

/* Begin PBXGroup section */
		612135E21BD4417F00DCE206 = {
			isa = PBXGroup;
			children = (
				612135ED1BD4417F00DCE206 /* NeverWriteAgain */,
				612136071BD4417F00DCE206 /* NeverWriteAgainTests */,
				612136121BD4417F00DCE206 /* NeverWriteAgainUITests */,
				612135EC1BD4417F00DCE206 /* Products */,
			);
			sourceTree = "<group>";
		};
		612135EC1BD4417F00DCE206 /* Products */ = {
			isa = PBXGroup;
			children = (
				612135EB1BD4417F00DCE206 /* NeverWriteAgain.app */,
				612136041BD4417F00DCE206 /* NeverWriteAgainTests.xctest */,
				6121360F1BD4417F00DCE206 /* NeverWriteAgainUITests.xctest */,
			);
			name = Products;
			sourceTree = "<group>";
		};
		612135ED1BD4417F00DCE206 /* NeverWriteAgain */ = {
			isa = PBXGroup;
			children = (
				612136251BD4470600DCE206 /* Keyboard */,
				612135F11BD4417F00DCE206 /* NWAppDelegate.h */,
				612135F21BD4417F00DCE206 /* NWAppDelegate.m */,
				612135F41BD4417F00DCE206 /* NWViewController.h */,
				612135F51BD4417F00DCE206 /* NWViewController.m */,
				612135F71BD4417F00DCE206 /* Main.storyboard */,
				612135FA1BD4417F00DCE206 /* Assets.xcassets */,
				612135FC1BD4417F00DCE206 /* LaunchScreen.storyboard */,
				612135FF1BD4417F00DCE206 /* Info.plist */,
				612135EE1BD4417F00DCE206 /* Supporting Files */,
				612136261BD448BC00DCE206 /* NWLesson.h */,
				612136271BD448BC00DCE206 /* NWLesson.m */,
				619105941BD4A0A000A3A095 /* NWMenuTableViewCell.h */,
				619105951BD4A0A000A3A095 /* NWMenuTableViewCell.m */,
				619105961BD4A0A000A3A095 /* NWMenuTableViewCell.xib */,
			);
			path = NeverWriteAgain;
			sourceTree = "<group>";
		};
		612135EE1BD4417F00DCE206 /* Supporting Files */ = {
			isa = PBXGroup;
			children = (
				612135EF1BD4417F00DCE206 /* main.m */,
			);
			name = "Supporting Files";
			sourceTree = "<group>";
		};
		612136071BD4417F00DCE206 /* NeverWriteAgainTests */ = {
			isa = PBXGroup;
			children = (
				612136081BD4417F00DCE206 /* NeverWriteAgainTests.m */,
				6121360A1BD4417F00DCE206 /* Info.plist */,
			);
			path = NeverWriteAgainTests;
			sourceTree = "<group>";
		};
		612136121BD4417F00DCE206 /* NeverWriteAgainUITests */ = {
			isa = PBXGroup;
			children = (
				612136131BD4417F00DCE206 /* NeverWriteAgainUITests.m */,
				612136151BD4417F00DCE206 /* Info.plist */,
			);
			path = NeverWriteAgainUITests;
			sourceTree = "<group>";
		};
		612136251BD4470600DCE206 /* Keyboard */ = {
			isa = PBXGroup;
			children = (
				612136221BD446FD00DCE206 /* NWKeyboardMoveTextViewController.h */,
				612136231BD446FD00DCE206 /* NWKeyboardMoveTextViewController.h.m */,
			);
			name = Keyboard;
			sourceTree = "<group>";
		};
/* End PBXGroup section */

/* Begin PBXNativeTarget section */
		612135EA1BD4417F00DCE206 /* NeverWriteAgain */ = {
			isa = PBXNativeTarget;
			buildConfigurationList = 612136181BD4417F00DCE206 /* Build configuration list for PBXNativeTarget "NeverWriteAgain" */;
			buildPhases = (
				612135E71BD4417F00DCE206 /* Sources */,
				612135E81BD4417F00DCE206 /* Frameworks */,
				612135E91BD4417F00DCE206 /* Resources */,
			);
			buildRules = (
			);
			dependencies = (
			);
			name = NeverWriteAgain;
			productName = NeverWriteAgain;
			productReference = 612135EB1BD4417F00DCE206 /* NeverWriteAgain.app */;
			productType = "com.apple.product-type.application";
		};
		612136031BD4417F00DCE206 /* NeverWriteAgainTests */ = {
			isa = PBXNativeTarget;
			buildConfigurationList = 6121361B1BD4417F00DCE206 /* Build configuration list for PBXNativeTarget "NeverWriteAgainTests" */;
			buildPhases = (
				612136001BD4417F00DCE206 /* Sources */,
				612136011BD4417F00DCE206 /* Frameworks */,
				612136021BD4417F00DCE206 /* Resources */,
			);
			buildRules = (
			);
			dependencies = (
				612136061BD4417F00DCE206 /* PBXTargetDependency */,
			);
			name = NeverWriteAgainTests;
			productName = NeverWriteAgainTests;
			productReference = 612136041BD4417F00DCE206 /* NeverWriteAgainTests.xctest */;
			productType = "com.apple.product-type.bundle.unit-test";
		};
		6121360E1BD4417F00DCE206 /* NeverWriteAgainUITests */ = {
			isa = PBXNativeTarget;
			buildConfigurationList = 6121361E1BD4417F00DCE206 /* Build configuration list for PBXNativeTarget "NeverWriteAgainUITests" */;
			buildPhases = (
				6121360B1BD4417F00DCE206 /* Sources */,
				6121360C1BD4417F00DCE206 /* Frameworks */,
				6121360D1BD4417F00DCE206 /* Resources */,
			);
			buildRules = (
			);
			dependencies = (
				612136111BD4417F00DCE206 /* PBXTargetDependency */,
			);
			name = NeverWriteAgainUITests;
			productName = NeverWriteAgainUITests;
			productReference = 6121360F1BD4417F00DCE206 /* NeverWriteAgainUITests.xctest */;
			productType = "com.apple.product-type.bundle.ui-testing";
		};
/* End PBXNativeTarget section */

/* Begin PBXProject section */
		612135E31BD4417F00DCE206 /* Project object */ = {
			isa = PBXProject;
			attributes = {
				LastUpgradeCheck = 0700;
				ORGANIZATIONNAME = GKIM;
				TargetAttributes = {
					612135EA1BD4417F00DCE206 = {
						CreatedOnToolsVersion = 7.0.1;
					};
					612136031BD4417F00DCE206 = {
						CreatedOnToolsVersion = 7.0.1;
						TestTargetID = 612135EA1BD4417F00DCE206;
					};
					6121360E1BD4417F00DCE206 = {
						CreatedOnToolsVersion = 7.0.1;
						TestTargetID = 612135EA1BD4417F00DCE206;
					};
				};
			};
			buildConfigurationList = 612135E61BD4417F00DCE206 /* Build configuration list for PBXProject "NeverWriteAgain" */;
			compatibilityVersion = "Xcode 3.2";
			developmentRegion = English;
			hasScannedForEncodings = 0;
			knownRegions = (
				en,
				Base,
			);
			mainGroup = 612135E21BD4417F00DCE206;
			productRefGroup = 612135EC1BD4417F00DCE206 /* Products */;
			projectDirPath = "";
			projectRoot = "";
			targets = (
				612135EA1BD4417F00DCE206 /* NeverWriteAgain */,
				612136031BD4417F00DCE206 /* NeverWriteAgainTests */,
				6121360E1BD4417F00DCE206 /* NeverWriteAgainUITests */,
			);
		};
/* End PBXProject section */

/* Begin PBXResourcesBuildPhase section */
		612135E91BD4417F00DCE206 /* Resources */ = {
			isa = PBXResourcesBuildPhase;
			buildActionMask = 2147483647;
			files = (
				612135FE1BD4417F00DCE206 /* LaunchScreen.storyboard in Resources */,
				619105981BD4A0A000A3A095 /* NWMenuTableViewCell.xib in Resources */,
				612135FB1BD4417F00DCE206 /* Assets.xcassets in Resources */,
				612135F91BD4417F00DCE206 /* Main.storyboard in Resources */,
			);
			runOnlyForDeploymentPostprocessing = 0;
		};
		612136021BD4417F00DCE206 /* Resources */ = {
			isa = PBXResourcesBuildPhase;
			buildActionMask = 2147483647;
			files = (
			);
			runOnlyForDeploymentPostprocessing = 0;
		};
		6121360D1BD4417F00DCE206 /* Resources */ = {
			isa = PBXResourcesBuildPhase;
			buildActionMask = 2147483647;
			files = (
			);
			runOnlyForDeploymentPostprocessing = 0;
		};
/* End PBXResourcesBuildPhase section */

/* Begin PBXSourcesBuildPhase section */
		612135E71BD4417F00DCE206 /* Sources */ = {
			isa = PBXSourcesBuildPhase;
			buildActionMask = 2147483647;
			files = (
				612136241BD446FD00DCE206 /* NWKeyboardMoveTextViewController.h.m in Sources */,
				612135F61BD4417F00DCE206 /* NWViewController.m in Sources */,
				612136281BD448BC00DCE206 /* NWLesson.m in Sources */,
				612135F31BD4417F00DCE206 /* NWAppDelegate.m in Sources */,
				612135F01BD4417F00DCE206 /* main.m in Sources */,
				619105971BD4A0A000A3A095 /* NWMenuTableViewCell.m in Sources */,
			);
			runOnlyForDeploymentPostprocessing = 0;
		};
		612136001BD4417F00DCE206 /* Sources */ = {
			isa = PBXSourcesBuildPhase;
			buildActionMask = 2147483647;
			files = (
				612136091BD4417F00DCE206 /* NeverWriteAgainTests.m in Sources */,
			);
			runOnlyForDeploymentPostprocessing = 0;
		};
		6121360B1BD4417F00DCE206 /* Sources */ = {
			isa = PBXSourcesBuildPhase;
			buildActionMask = 2147483647;
			files = (
				612136141BD4417F00DCE206 /* NeverWriteAgainUITests.m in Sources */,
			);
			runOnlyForDeploymentPostprocessing = 0;
		};
/* End PBXSourcesBuildPhase section */

/* Begin PBXTargetDependency section */
		612136061BD4417F00DCE206 /* PBXTargetDependency */ = {
			isa = PBXTargetDependency;
			target = 612135EA1BD4417F00DCE206 /* NeverWriteAgain */;
			targetProxy = 612136051BD4417F00DCE206 /* PBXContainerItemProxy */;
		};
		612136111BD4417F00DCE206 /* PBXTargetDependency */ = {
			isa = PBXTargetDependency;
			target = 612135EA1BD4417F00DCE206 /* NeverWriteAgain */;
			targetProxy = 612136101BD4417F00DCE206 /* PBXContainerItemProxy */;
		};
/* End PBXTargetDependency section */

/* Begin PBXVariantGroup section */
		612135F71BD4417F00DCE206 /* Main.storyboard */ = {
			isa = PBXVariantGroup;
			children = (
				612135F81BD4417F00DCE206 /* Base */,
			);
			name = Main.storyboard;
			sourceTree = "<group>";
		};
		612135FC1BD4417F00DCE206 /* LaunchScreen.storyboard */ = {
			isa = PBXVariantGroup;
			children = (
				612135FD1BD4417F00DCE206 /* Base */,
			);
			name = LaunchScreen.storyboard;
			sourceTree = "<group>";
		};
/* End PBXVariantGroup section */

/* Begin XCBuildConfiguration section */
		612136161BD4417F00DCE206 /* Debug */ = {
			isa = XCBuildConfiguration;
			buildSettings = {
				ALWAYS_SEARCH_USER_PATHS = NO;
				CLANG_CXX_LANGUAGE_STANDARD = "gnu++0x";
				CLANG_CXX_LIBRARY = "libc++";
				CLANG_ENABLE_MODULES = YES;
				CLANG_ENABLE_OBJC_ARC = YES;
				CLANG_WARN_BOOL_CONVERSION = YES;
				CLANG_WARN_CONSTANT_CONVERSION = YES;
				CLANG_WARN_DIRECT_OBJC_ISA_USAGE = YES_ERROR;
				CLANG_WARN_EMPTY_BODY = YES;
				CLANG_WARN_ENUM_CONVERSION = YES;
				CLANG_WARN_INT_CONVERSION = YES;
				CLANG_WARN_OBJC_ROOT_CLASS = YES_ERROR;
				CLANG_WARN_UNREACHABLE_CODE = YES;
				CLANG_WARN__DUPLICATE_METHOD_MATCH = YES;
				"CODE_SIGN_IDENTITY[sdk=iphoneos*]" = "iPhone Developer";
				COPY_PHASE_STRIP = NO;
				DEBUG_INFORMATION_FORMAT = dwarf;
				ENABLE_STRICT_OBJC_MSGSEND = YES;
				ENABLE_TESTABILITY = YES;
				GCC_C_LANGUAGE_STANDARD = gnu99;
				GCC_DYNAMIC_NO_PIC = NO;
				GCC_NO_COMMON_BLOCKS = YES;
				GCC_OPTIMIZATION_LEVEL = 0;
				GCC_PREPROCESSOR_DEFINITIONS = (
					"DEBUG=1",
					"$(inherited)",
				);
				GCC_WARN_64_TO_32_BIT_CONVERSION = YES;
				GCC_WARN_ABOUT_RETURN_TYPE = YES_ERROR;
				GCC_WARN_UNDECLARED_SELECTOR = YES;
				GCC_WARN_UNINITIALIZED_AUTOS = YES_AGGRESSIVE;
				GCC_WARN_UNUSED_FUNCTION = YES;
				GCC_WARN_UNUSED_VARIABLE = YES;
				IPHONEOS_DEPLOYMENT_TARGET = 9.0;
				MTL_ENABLE_DEBUG_INFO = YES;
				ONLY_ACTIVE_ARCH = YES;
				SDKROOT = iphoneos;
				TARGETED_DEVICE_FAMILY = "1,2";
			};
			name = Debug;
		};
		612136171BD4417F00DCE206 /* Release */ = {
			isa = XCBuildConfiguration;
			buildSettings = {
				ALWAYS_SEARCH_USER_PATHS = NO;
				CLANG_CXX_LANGUAGE_STANDARD = "gnu++0x";
				CLANG_CXX_LIBRARY = "libc++";
				CLANG_ENABLE_MODULES = YES;
				CLANG_ENABLE_OBJC_ARC = YES;
				CLANG_WARN_BOOL_CONVERSION = YES;
				CLANG_WARN_CONSTANT_CONVERSION = YES;
				CLANG_WARN_DIRECT_OBJC_ISA_USAGE = YES_ERROR;
				CLANG_WARN_EMPTY_BODY = YES;
				CLANG_WARN_ENUM_CONVERSION = YES;
				CLANG_WARN_INT_CONVERSION = YES;
				CLANG_WARN_OBJC_ROOT_CLASS = YES_ERROR;
				CLANG_WARN_UNREACHABLE_CODE = YES;
				CLANG_WARN__DUPLICATE_METHOD_MATCH = YES;
				"CODE_SIGN_IDENTITY[sdk=iphoneos*]" = "iPhone Developer";
				COPY_PHASE_STRIP = NO;
				DEBUG_INFORMATION_FORMAT = "dwarf-with-dsym";
				ENABLE_NS_ASSERTIONS = NO;
				ENABLE_STRICT_OBJC_MSGSEND = YES;
				GCC_C_LANGUAGE_STANDARD = gnu99;
				GCC_NO_COMMON_BLOCKS = YES;
				GCC_WARN_64_TO_32_BIT_CONVERSION = YES;
				GCC_WARN_ABOUT_RETURN_TYPE = YES_ERROR;
				GCC_WARN_UNDECLARED_SELECTOR = YES;
				GCC_WARN_UNINITIALIZED_AUTOS = YES_AGGRESSIVE;
				GCC_WARN_UNUSED_FUNCTION = YES;
				GCC_WARN_UNUSED_VARIABLE = YES;
				IPHONEOS_DEPLOYMENT_TARGET = 9.0;
				MTL_ENABLE_DEBUG_INFO = NO;
				SDKROOT = iphoneos;
				TARGETED_DEVICE_FAMILY = "1,2";
				VALIDATE_PRODUCT = YES;
			};
			name = Release;
		};
		612136191BD4417F00DCE206 /* Debug */ = {
			isa = XCBuildConfiguration;
			buildSettings = {
				ASSETCATALOG_COMPILER_APPICON_NAME = AppIcon;
				INFOPLIST_FILE = NeverWriteAgain/Info.plist;
				LD_RUNPATH_SEARCH_PATHS = "$(inherited) @executable_path/Frameworks";
				PRODUCT_BUNDLE_IDENTIFIER = com.gkim.NeverWriteAgain;
				PRODUCT_NAME = "$(TARGET_NAME)";
			};
			name = Debug;
		};
		6121361A1BD4417F00DCE206 /* Release */ = {
			isa = XCBuildConfiguration;
			buildSettings = {
				ASSETCATALOG_COMPILER_APPICON_NAME = AppIcon;
				INFOPLIST_FILE = NeverWriteAgain/Info.plist;
				LD_RUNPATH_SEARCH_PATHS = "$(inherited) @executable_path/Frameworks";
				PRODUCT_BUNDLE_IDENTIFIER = com.gkim.NeverWriteAgain;
				PRODUCT_NAME = "$(TARGET_NAME)";
			};
			name = Release;
		};
		6121361C1BD4417F00DCE206 /* Debug */ = {
			isa = XCBuildConfiguration;
			buildSettings = {
				BUNDLE_LOADER = "$(TEST_HOST)";
				INFOPLIST_FILE = NeverWriteAgainTests/Info.plist;
				LD_RUNPATH_SEARCH_PATHS = "$(inherited) @executable_path/Frameworks @loader_path/Frameworks";
				PRODUCT_BUNDLE_IDENTIFIER = com.gkim.NeverWriteAgainTests;
				PRODUCT_NAME = "$(TARGET_NAME)";
				TEST_HOST = "$(BUILT_PRODUCTS_DIR)/NeverWriteAgain.app/NeverWriteAgain";
			};
			name = Debug;
		};
		6121361D1BD4417F00DCE206 /* Release */ = {
			isa = XCBuildConfiguration;
			buildSettings = {
				BUNDLE_LOADER = "$(TEST_HOST)";
				INFOPLIST_FILE = NeverWriteAgainTests/Info.plist;
				LD_RUNPATH_SEARCH_PATHS = "$(inherited) @executable_path/Frameworks @loader_path/Frameworks";
				PRODUCT_BUNDLE_IDENTIFIER = com.gkim.NeverWriteAgainTests;
				PRODUCT_NAME = "$(TARGET_NAME)";
				TEST_HOST = "$(BUILT_PRODUCTS_DIR)/NeverWriteAgain.app/NeverWriteAgain";
			};
			name = Release;
		};
		6121361F1BD4417F00DCE206 /* Debug */ = {
			isa = XCBuildConfiguration;
			buildSettings = {
				INFOPLIST_FILE = NeverWriteAgainUITests/Info.plist;
				LD_RUNPATH_SEARCH_PATHS = "$(inherited) @executable_path/Frameworks @loader_path/Frameworks";
				PRODUCT_BUNDLE_IDENTIFIER = com.gkim.NeverWriteAgainUITests;
				PRODUCT_NAME = "$(TARGET_NAME)";
				TEST_TARGET_NAME = NeverWriteAgain;
				USES_XCTRUNNER = YES;
			};
			name = Debug;
		};
		612136201BD4417F00DCE206 /* Release */ = {
			isa = XCBuildConfiguration;
			buildSettings = {
				INFOPLIST_FILE = NeverWriteAgainUITests/Info.plist;
				LD_RUNPATH_SEARCH_PATHS = "$(inherited) @executable_path/Frameworks @loader_path/Frameworks";
				PRODUCT_BUNDLE_IDENTIFIER = com.gkim.NeverWriteAgainUITests;
				PRODUCT_NAME = "$(TARGET_NAME)";
				TEST_TARGET_NAME = NeverWriteAgain;
				USES_XCTRUNNER = YES;
			};
			name = Release;
		};
/* End XCBuildConfiguration section */

/* Begin XCConfigurationList section */
		612135E61BD4417F00DCE206 /* Build configuration list for PBXProject "NeverWriteAgain" */ = {
			isa = XCConfigurationList;
			buildConfigurations = (
				612136161BD4417F00DCE206 /* Debug */,
				612136171BD4417F00DCE206 /* Release */,
			);
			defaultConfigurationIsVisible = 0;
			defaultConfigurationName = Release;
		};
		612136181BD4417F00DCE206 /* Build configuration list for PBXNativeTarget "NeverWriteAgain" */ = {
			isa = XCConfigurationList;
			buildConfigurations = (
				612136191BD4417F00DCE206 /* Debug */,
				6121361A1BD4417F00DCE206 /* Release */,
			);
			defaultConfigurationIsVisible = 0;
			defaultConfigurationName = Release;
		};
		6121361B1BD4417F00DCE206 /* Build configuration list for PBXNativeTarget "NeverWriteAgainTests" */ = {
			isa = XCConfigurationList;
			buildConfigurations = (
				6121361C1BD4417F00DCE206 /* Debug */,
				6121361D1BD4417F00DCE206 /* Release */,
			);
			defaultConfigurationIsVisible = 0;
			defaultConfigurationName = Release;
		};
		6121361E1BD4417F00DCE206 /* Build configuration list for PBXNativeTarget "NeverWriteAgainUITests" */ = {
			isa = XCConfigurationList;
			buildConfigurations = (
				6121361F1BD4417F00DCE206 /* Debug */,
				612136201BD4417F00DCE206 /* Release */,
			);
			defaultConfigurationIsVisible = 0;
			defaultConfigurationName = Release;
		};
/* End XCConfigurationList section */
	};
	rootObject = 612135E31BD4417F00DCE206 /* Project object */;
}
